
Microsoft Visual Studio Solution File, Format Version 11.00
# Visual Studio 2010
Project("{FAE04EC0-301F-11D3-BF4B-00C04F79EFBC}") = "Blaze", "Blaze\Blaze.csproj", "{E08B95E7-024C-47FD-9030-014BFE695ED0}"
EndProject
Project("{2150E333-8FDC-42A3-9474-1A3956D46DE8}") = ".nuget", ".nuget", "{0BE41341-C296-41F1-9509-D0F7F8A436A8}"
	ProjectSection(SolutionItems) = preProject
		.nuget\NuGet.exe = .nuget\NuGet.exe
		.nuget\NuGet.targets = .nuget\NuGet.targets
	EndProjectSection
EndProject
Global
	GlobalSection(SolutionConfigurationPlatforms) = preSolution
		Debug|Any CPU = Debug|Any CPU
		Release|Any CPU = Release|Any CPU
	EndGlobalSection
	GlobalSection(ProjectConfigurationPlatforms) = postSolution
		{E08B95E7-024C-47FD-9030-014BFE695ED0}.Debug|Any CPU.ActiveCfg = Debug|Any CPU
		{E08B95E7-024C-47FD-9030-014BFE695ED0}.Debug|Any CPU.Build.0 = Debug|Any CPU
		{E08B95E7-024C-47FD-9030-014BFE695ED0}.Release|Any CPU.ActiveCfg = Release|Any CPU
		{E08B95E7-024C-47FD-9030-014BFE695ED0}.Release|Any CPU.Build.0 = Release|Any CPU
	EndGlobalSection
	GlobalSection(SolutionProperties) = preSolution
		HideSolutionNode = FALSE
	EndGlobalSection
EndGlobal
